# @generated - this file is auto-generated by `mise lock` https://mise.jdx.dev/dev-tools/mise-lock.html

lockfile_version = 1

[[tools.just]]
version = "1.58.0"
backend = "aqua:casey/just"
specifiers = ["1.58.0"]

[tools.just."platforms.linux-arm64"]
checksum = "sha256:748237128c4c40cbdabc65e841d05ceba13cc23a91eaba395495894c1d9764df"
url = "https://github.com/casey/just/releases/download/1.58.0/just-1.58.0-aarch64-unknown-linux-musl.tar.gz"
url_api = "https://api.github.com/repos/casey/just/releases/assets/500510099"

[tools.just."platforms.linux-arm64-musl"]
checksum = "sha256:748237128c4c40cbdabc65e841d05ceba13cc23a91eaba395495894c1d9764df"
url = "https://github.com/casey/just/releases/download/1.58.0/just-1.58.0-aarch64-unknown-linux-musl.tar.gz"
url_api = "https://api.github.com/repos/casey/just/releases/assets/500510099"

[tools.just."platforms.linux-x64"]
checksum = "sha256:4a5cc2f53e6f0f8c59092a6cc38291eb729d46a7dd95d3ae582008881b84931d"
url = "https://github.com/casey/just/releases/download/1.58.0/just-1.58.0-x86_64-unknown-linux-musl.tar.gz"
url_api = "https://api.github.com/repos/casey/just/releases/assets/500509978"

[tools.just."platforms.linux-x64-musl"]
checksum = "sha256:4a5cc2f53e6f0f8c59092a6cc38291eb729d46a7dd95d3ae582008881b84931d"
url = "https://github.com/casey/just/releases/download/1.58.0/just-1.58.0-x86_64-unknown-linux-musl.tar.gz"
url_api = "https://api.github.com/repos/casey/just/releases/assets/500509978"

[tools.just."platforms.macos-arm64"]
checksum = "sha256:50ae3e996c974a0bf32ea7d10f495070df33f1b43e0616b2769e3d4821ed8f48"
url = "https://github.com/casey/just/releases/download/1.58.0/just-1.58.0-aarch64-apple-darwin.tar.gz"
url_api = "https://api.github.com/repos/casey/just/releases/assets/500509965"

[tools.just."platforms.macos-x64"]
checksum = "sha256:9a09cfef66aaa79da58203970103a0684307716caaabd3e9844cacc4dc0f4023"
url = "https://github.com/casey/just/releases/download/1.58.0/just-1.58.0-x86_64-apple-darwin.tar.gz"
url_api = "https://api.github.com/repos/casey/just/releases/assets/500510084"

[tools.just."platforms.windows-x64"]
checksum = "sha256:759f16fb7aa17c5c8b9594b6d4a8c1a6630dfd042cf2b3ff84841454d3d188dc"
url = "https://github.com/casey/just/releases/download/1.58.0/just-1.58.0-x86_64-pc-windows-msvc.zip"
url_api = "https://api.github.com/repos/casey/just/releases/assets/500511374"

[[tools.node]]
version = "24.21.0"
backend = "core:node"
specifiers = ["24.21.0"]

[tools.node."platforms.linux-arm64"]
checksum = "sha256:724282c3b43aec998aa9527380465b45d229e021b58035f5f4f63095eabfe5d5"
url = "https://nodejs.org/dist/v24.21.0/node-v24.21.0-linux-arm64.tar.gz"

[tools.node."platforms.linux-arm64-musl"]
checksum = "sha256:3048b0811e158ca0d8672b59c839861763e144492980d8d29b369dfee45747e4"
url = "https://unofficial-builds.nodejs.org/download/release/v24.21.0/node-v24.21.0-linux-arm64-musl.tar.gz"

[tools.node."platforms.linux-x64"]
checksum = "sha256:6e1db87ef58b8819e5d5402eff1536491b18edd8eb7bee5ef7897876e88dc5ff"
url = "https://nodejs.org/dist/v24.21.0/node-v24.21.0-linux-x64.tar.gz"

[tools.node."platforms.linux-x64-baseline"]
checksum = "sha256:6e1db87ef58b8819e5d5402eff1536491b18edd8eb7bee5ef7897876e88dc5ff"
url = "https://nodejs.org/dist/v24.21.0/node-v24.21.0-linux-x64.tar.gz"

[tools.node."platforms.linux-x64-musl"]
checksum = "sha256:01a713e34da98e7b4d2a3191ee7ca3f93dd0384d1a2ef23c379b2161ee6e133a"
url = "https://unofficial-builds.nodejs.org/download/release/v24.21.0/node-v24.21.0-linux-x64-musl.tar.gz"

[tools.node."platforms.linux-x64-musl-baseline"]
checksum = "sha256:01a713e34da98e7b4d2a3191ee7ca3f93dd0384d1a2ef23c379b2161ee6e133a"
url = "https://unofficial-builds.nodejs.org/download/release/v24.21.0/node-v24.21.0-linux-x64-musl.tar.gz"

[tools.node."platforms.macos-arm64"]
checksum = "sha256:bed7eea5325e1108f32ce5228ddd6a5f0f08a499ee42aa7442aea583702f6057"
url = "https://nodejs.org/dist/v24.21.0/node-v24.21.0-darwin-arm64.tar.gz"

[tools.node."platforms.macos-x64"]
checksum = "sha256:1462cb3b3046b815cf8ea436d3da450ec1a9f11dac7e5a46b0ada5305d7e8097"
url = "https://nodejs.org/dist/v24.21.0/node-v24.21.0-darwin-x64.tar.gz"

[tools.node."platforms.macos-x64-baseline"]
checksum = "sha256:1462cb3b3046b815cf8ea436d3da450ec1a9f11dac7e5a46b0ada5305d7e8097"
url = "https://nodejs.org/dist/v24.21.0/node-v24.21.0-darwin-x64.tar.gz"

[tools.node."platforms.windows-x64"]
checksum = "sha256:158f7685b44de51f6c0df1d153526cbcd3e1bc739a8dfc607721cef75de9e541"
url = "https://nodejs.org/dist/v24.21.0/node-v24.21.0-win-x64.zip"

[tools.node."platforms.windows-x64-baseline"]
checksum = "sha256:158f7685b44de51f6c0df1d153526cbcd3e1bc739a8dfc607721cef75de9e541"
url = "https://nodejs.org/dist/v24.21.0/node-v24.21.0-win-x64.zip"

[[tools.python]]
version = "3.14.7"
backend = "core:python"
specifiers = ["3.14.7"]

[tools.python."platforms.linux-arm64"]
checksum = "sha256:7f0b801b0ba2c74531cd2e66ee898569cdf1f323a24383576f2a6761001e01f1"
url = "https://github.com/astral-sh/python-build-standalone/releases/download/20260825/cpython-3.14.7+20260825-aarch64-unknown-linux-gnu-install_only_stripped.tar.gz"
provenance = "github-attestations"

[tools.python."platforms.linux-arm64-musl"]
checksum = "sha256:8f58d8a42e8c6af84d43ba1c9e74e56ce2354b66ec44721b289f5a6c57811fc2"
url = "https://github.com/astral-sh/python-build-standalone/releases/download/20260825/cpython-3.14.7+20260825-aarch64-unknown-linux-musl-install_only_stripped.tar.gz"
provenance = "github-attestations"

[tools.python."platforms.linux-x64"]
checksum = "sha256:a0f39e822fd3b96a2605f30f954acf9a2cdf91faa1385a13e24bc407a41e05ea"
url = "https://github.com/astral-sh/python-build-standalone/releases/download/20260825/cpython-3.14.7+20260825-x86_64-unknown-linux-gnu-install_only_stripped.tar.gz"
provenance = "github-attestations"

[tools.python."platforms.linux-x64-baseline"]
checksum = "sha256:a0f39e822fd3b96a2605f30f954acf9a2cdf91faa1385a13e24bc407a41e05ea"
url = "https://github.com/astral-sh/python-build-standalone/releases/download/20260825/cpython-3.14.7+20260825-x86_64-unknown-linux-gnu-install_only_stripped.tar.gz"
provenance = "github-attestations"

[tools.python."platforms.linux-x64-musl"]
checksum = "sha256:22374158b61f9415135614fb7ebdba498a84849921bb5ad025809e925d8bb428"
url = "https://github.com/astral-sh/python-build-standalone/releases/download/20260825/cpython-3.14.7+20260825-x86_64-unknown-linux-musl-install_only_stripped.tar.gz"
provenance = "github-attestations"

[tools.python."platforms.linux-x64-musl-baseline"]
checksum = "sha256:22374158b61f9415135614fb7ebdba498a84849921bb5ad025809e925d8bb428"
url = "https://github.com/astral-sh/python-build-standalone/releases/download/20260825/cpython-3.14.7+20260825-x86_64-unknown-linux-musl-install_only_stripped.tar.gz"
provenance = "github-attestations"

[tools.python."platforms.macos-arm64"]
checksum = "blake3:899513f7133c03a0c0e13651b6c809ff902b1e3634aed83e8ac9c161660e792d"
url = "https://github.com/astral-sh/python-build-standalone/releases/download/20260825/cpython-3.14.7+20260825-aarch64-apple-darwin-install_only_stripped.tar.gz"
provenance = "github-attestations"

[tools.python."platforms.macos-x64"]
checksum = "sha256:1b1e977f6d4fb887c7fa662a8e33f18dfdc9b9cdfaf5cdb003f13b3317947848"
url = "https://github.com/astral-sh/python-build-standalone/releases/download/20260825/cpython-3.14.7+20260825-x86_64-apple-darwin-install_only_stripped.tar.gz"
provenance = "github-attestations"

[tools.python."platforms.macos-x64-baseline"]
checksum = "sha256:1b1e977f6d4fb887c7fa662a8e33f18dfdc9b9cdfaf5cdb003f13b3317947848"
url = "https://github.com/astral-sh/python-build-standalone/releases/download/20260825/cpython-3.14.7+20260825-x86_64-apple-darwin-install_only_stripped.tar.gz"
provenance = "github-attestations"

[tools.python."platforms.windows-x64"]
checksum = "sha256:dec3faa3445d9efc4979e6c74a839be0d1039877367db32ee9c5f6bc91fae3c8"
url = "https://github.com/astral-sh/python-build-standalone/releases/download/20260825/cpython-3.14.7+20260825-x86_64-pc-windows-msvc-install_only_stripped.tar.gz"
provenance = "github-attestations"

[tools.python."platforms.windows-x64-baseline"]
checksum = "sha256:dec3faa3445d9efc4979e6c74a839be0d1039877367db32ee9c5f6bc91fae3c8"
url = "https://github.com/astral-sh/python-build-standalone/releases/download/20260825/cpython-3.14.7+20260825-x86_64-pc-windows-msvc-install_only_stripped.tar.gz"
provenance = "github-attestations"

[[tools.uv]]
version = "0.12.10"
backend = "aqua:astral-sh/uv"
specifiers = ["0.12.10"]

[tools.uv."platforms.linux-arm64"]
checksum = "sha256:9ff6b9d4665edcdd3a88dcc73cd1eb641754deb927f14e8c62ebfde6bf4f5f5e"
url = "https://github.com/astral-sh/uv/releases/download/0.12.10/uv-aarch64-unknown-linux-gnu.tar.gz"
url_api = "https://api.github.com/repos/astral-sh/uv/releases/assets/545034356"
provenance = "github-attestations"

[tools.uv."platforms.linux-arm64-musl"]
checksum = "sha256:3983cb642fae84eab33756109bb266f126eb61763d8d220dd662af589c5b3da5"
url = "https://github.com/astral-sh/uv/releases/download/0.12.10/uv-aarch64-unknown-linux-musl.tar.gz"
url_api = "https://api.github.com/repos/astral-sh/uv/releases/assets/545034364"
provenance = "github-attestations"

[tools.uv."platforms.linux-x64"]
checksum = "sha256:173d95a0c32d18c896c46ba6fafbf3cf9c14ab74b033f81b76c883ef492a976b"
url = "https://github.com/astral-sh/uv/releases/download/0.12.10/uv-x86_64-unknown-linux-gnu.tar.gz"
url_api = "https://api.github.com/repos/astral-sh/uv/releases/assets/545034465"
provenance = "github-attestations"

[tools.uv."platforms.linux-x64-musl"]
checksum = "sha256:848d0e261119e5b8f35db10164635e46a48bec29ceb1f8ec14a6fc76004973ee"
url = "https://github.com/astral-sh/uv/releases/download/0.12.10/uv-x86_64-unknown-linux-musl.tar.gz"
url_api = "https://api.github.com/repos/astral-sh/uv/releases/assets/545034473"
provenance = "github-attestations"

[tools.uv."platforms.macos-arm64"]
checksum = "sha256:51c6170e8e3a01cef9f33b94f582b7b81ac65046f55d40afb35f9cff5a68c179"
url = "https://github.com/astral-sh/uv/releases/download/0.12.10/uv-aarch64-apple-darwin.tar.gz"
url_api = "https://api.github.com/repos/astral-sh/uv/releases/assets/545034336"
provenance = "github-attestations"

[tools.uv."platforms.macos-x64"]
checksum = "sha256:5296d5aa2b9143360405eea866f8ef4d5dc8986b164eb0dc35e8f876a9304d30"
url = "https://github.com/astral-sh/uv/releases/download/0.12.10/uv-x86_64-apple-darwin.tar.gz"
url_api = "https://api.github.com/repos/astral-sh/uv/releases/assets/545034436"
provenance = "github-attestations"

[tools.uv."platforms.windows-x64"]
checksum = "sha256:f65744f94072152b1f86ba2aace4d01f1124d9a8ecb235805039e3718c36cac2"
url = "https://github.com/astral-sh/uv/releases/download/0.12.10/uv-x86_64-pc-windows-msvc.zip"
url_api = "https://api.github.com/repos/astral-sh/uv/releases/assets/545034461"
provenance = "github-attestations"
